// !$*UTF8*$!
{
	archiveVersion = 1;
	classes = {
	};
	objectVersion = 55;
	objects = {

/* Begin PBXBuildFile section */
		A4C6B2CA28A78AF90082E197 /* AppDelegate.m in Sources */ = {isa = PBXBuildFile; fileRef = A4C6B2C928A78AF90082E197 /* AppDelegate.m */; };
		A4C6B2CD28A78AF90082E197 /* SceneDelegate.m in Sources */ = {isa = PBXBuildFile; fileRef = A4C6B2CC28A78AF90082E197 /* SceneDelegate.m */; };
		A4C6B2D028A78AF90082E197 /* ViewController.m in Sources */ = {isa = PBXBuildFile; fileRef = A4C6B2CF28A78AF90082E197 /* ViewController.m */; };
		A4C6B2D328A78AF90082E197 /* Main.storyboard in Resources */ = {isa = PBXBuildFile; fileRef = A4C6B2D128A78AF90082E197 /* Main.storyboard */; };
		A4C6B2D528A78AFB0082E197 /* Assets.xcassets in Resources */ = {isa = PBXBuildFile; fileRef = A4C6B2D428A78AFB0082E197 /* Assets.xcassets */; };
		A4C6B2D828A78AFB0082E197 /* LaunchScreen.storyboard in Resources */ = {isa = PBXBuildFile; fileRef = A4C6B2D628A78AFB0082E197 /* LaunchScreen.storyboard */; };
		A4C6B2DB28A78AFB0082E197 /* main.m in Sources */ = {isa = PBXBuildFile; fileRef = A4C6B2DA28A78AFB0082E197 /* main.m */; };
		A4C6B2E528A78AFB0082E197 /* ________Tests.m in Sources */ = {isa = PBXBuildFile; fileRef = A4C6B2E428A78AFB0082E197 /* ________Tests.m */; };
		A4C6B2EF28A78AFB0082E197 /* ________UITests.m in Sources */ = {isa = PBXBuildFile; fileRef = A4C6B2EE28A78AFB0082E197 /* ________UITests.m */; };
		A4C6B2F128A78AFB0082E197 /* ________UITestsLaunchTests.m in Sources */ = {isa = PBXBuildFile; fileRef = A4C6B2F028A78AFB0082E197 /* ________UITestsLaunchTests.m */; };
		A4C6B2FF28A78B3F0082E197 /* BiggerButton.m in Sources */ = {isa = PBXBuildFile; fileRef = A4C6B2FE28A78B3F0082E197 /* BiggerButton.m */; };
/* End PBXBuildFile section */

/* Begin PBXContainerItemProxy section */
		A4C6B2E128A78AFB0082E197 /* PBXContainerItemProxy */ = {
			isa = PBXContainerItemProxy;
			containerPortal = A4C6B2BD28A78AF90082E197 /* Project object */;
			proxyType = 1;
			remoteGlobalIDString = A4C6B2C428A78AF90082E197;
			remoteInfo = "扩大按钮点击范围";
		};
		A4C6B2EB28A78AFB0082E197 /* PBXContainerItemProxy */ = {
			isa = PBXContainerItemProxy;
			containerPortal = A4C6B2BD28A78AF90082E197 /* Project object */;
			proxyType = 1;
			remoteGlobalIDString = A4C6B2C428A78AF90082E197;
			remoteInfo = "扩大按钮点击范围";
		};
/* End PBXContainerItemProxy section */

/* Begin PBXFileReference section */
		A4C6B2C528A78AF90082E197 /* 扩大按钮点击范围.app */ = {isa = PBXFileReference; explicitFileType = wrapper.application; includeInIndex = 0; path = "扩大按钮点击范围.app"; sourceTree = BUILT_PRODUCTS_DIR; };
		A4C6B2C828A78AF90082E197 /* AppDelegate.h */ = {isa = PBXFileReference; lastKnownFileType = sourcecode.c.h; path = AppDelegate.h; sourceTree = "<group>"; };
		A4C6B2C928A78AF90082E197 /* AppDelegate.m */ = {isa = PBXFileReference; lastKnownFileType = sourcecode.c.objc; path = AppDelegate.m; sourceTree = "<group>"; };
		A4C6B2CB28A78AF90082E197 /* SceneDelegate.h */ = {isa = PBXFileReference; lastKnownFileType = sourcecode.c.h; path = SceneDelegate.h; sourceTree = "<group>"; };
		A4C6B2CC28A78AF90082E197 /* SceneDelegate.m */ = {isa = PBXFileReference; lastKnownFileType = sourcecode.c.objc; path = SceneDelegate.m; sourceTree = "<group>"; };
		A4C6B2CE28A78AF90082E197 /* ViewController.h */ = {isa = PBXFileReference; lastKnownFileType = sourcecode.c.h; path = ViewController.h; sourceTree = "<group>"; };
		A4C6B2CF28A78AF90082E197 /* ViewController.m */ = {isa = PBXFileReference; lastKnownFileType = sourcecode.c.objc; path = ViewController.m; sourceTree = "<group>"; };
		A4C6B2D228A78AF90082E197 /* Base */ = {isa = PBXFileReference; lastKnownFileType = file.storyboard; name = Base; path = Base.lproj/Main.storyboard; sourceTree = "<group>"; };
		A4C6B2D428A78AFB0082E197 /* Assets.xcassets */ = {isa = PBXFileReference; lastKnownFileType = folder.assetcatalog; path = Assets.xcassets; sourceTree = "<group>"; };
		A4C6B2D728A78AFB0082E197 /* Base */ = {isa = PBXFileReference; lastKnownFileType = file.storyboard; name = Base; path = Base.lproj/LaunchScreen.storyboard; sourceTree = "<group>"; };
		A4C6B2D928A78AFB0082E197 /* Info.plist */ = {isa = PBXFileReference; lastKnownFileType = text.plist.xml; path = Info.plist; sourceTree = "<group>"; };
		A4C6B2DA28A78AFB0082E197 /* main.m */ = {isa = PBXFileReference; lastKnownFileType = sourcecode.c.objc; path = main.m; sourceTree = "<group>"; };
		A4C6B2E028A78AFB0082E197 /* 扩大按钮点击范围Tests.xctest */ = {isa = PBXFileReference; explicitFileType = wrapper.cfbundle; includeInIndex = 0; path = "扩大按钮点击范围Tests.xctest"; sourceTree = BUILT_PRODUCTS_DIR; };
		A4C6B2E428A78AFB0082E197 /* ________Tests.m */ = {isa = PBXFileReference; lastKnownFileType = sourcecode.c.objc; path = "________Tests.m"; sourceTree = "<group>"; };
		A4C6B2EA28A78AFB0082E197 /* 扩大按钮点击范围UITests.xctest */ = {isa = PBXFileReference; explicitFileType = wrapper.cfbundle; includeInIndex = 0; path = "扩大按钮点击范围UITests.xctest"; sourceTree = BUILT_PRODUCTS_DIR; };
		A4C6B2EE28A78AFB0082E197 /* ________UITests.m */ = {isa = PBXFileReference; lastKnownFileType = sourcecode.c.objc; path = "________UITests.m"; sourceTree = "<group>"; };
		A4C6B2F028A78AFB0082E197 /* ________UITestsLaunchTests.m */ = {isa = PBXFileReference; lastKnownFileType = sourcecode.c.objc; path = "________UITestsLaunchTests.m"; sourceTree = "<group>"; };
		A4C6B2FD28A78B3F0082E197 /* BiggerButton.h */ = {isa = PBXFileReference; lastKnownFileType = sourcecode.c.h; path = BiggerButton.h; sourceTree = "<group>"; };
		A4C6B2FE28A78B3F0082E197 /* BiggerButton.m */ = {isa = PBXFileReference; lastKnownFileType = sourcecode.c.objc; path = BiggerButton.m; sourceTree = "<group>"; };
/* End PBXFileReference section */

/* Begin PBXFrameworksBuildPhase section */
		A4C6B2C228A78AF90082E197 /* Frameworks */ = {
			isa = PBXFrameworksBuildPhase;
			buildActionMask = 2147483647;
			files = (
			);
			runOnlyForDeploymentPostprocessing = 0;
		};
		A4C6B2DD28A78AFB0082E197 /* Frameworks */ = {
			isa = PBXFrameworksBuildPhase;
			buildActionMask = 2147483647;
			files = (
			);
			runOnlyForDeploymentPostprocessing = 0;
		};
		A4C6B2E728A78AFB0082E197 /* Frameworks */ = {
			isa = PBXFrameworksBuildPhase;
			buildActionMask = 2147483647;
			files = (
			);
			runOnlyForDeploymentPostprocessing = 0;
		};
/* End PBXFrameworksBuildPhase section */

/* Begin PBXGroup section */
		A4C6B2BC28A78AF90082E197 = {
			isa = PBXGroup;
			children = (
				A4C6B2C728A78AF90082E197 /* 扩大按钮点击范围 */,
				A4C6B2E328A78AFB0082E197 /* 扩大按钮点击范围Tests */,
				A4C6B2ED28A78AFB0082E197 /* 扩大按钮点击范围UITests */,
				A4C6B2C628A78AF90082E197 /* Products */,
			);
			sourceTree = "<group>";
		};
		A4C6B2C628A78AF90082E197 /* Products */ = {
			isa = PBXGroup;
			children = (
				A4C6B2C528A78AF90082E197 /* 扩大按钮点击范围.app */,
				A4C6B2E028A78AFB0082E197 /* 扩大按钮点击范围Tests.xctest */,
				A4C6B2EA28A78AFB0082E197 /* 扩大按钮点击范围UITests.xctest */,
			);
			name = Products;
			sourceTree = "<group>";
		};
		A4C6B2C728A78AF90082E197 /* 扩大按钮点击范围 */ = {
			isa = PBXGroup;
			children = (
				A4C6B2C828A78AF90082E197 /* AppDelegate.h */,
				A4C6B2C928A78AF90082E197 /* AppDelegate.m */,
				A4C6B2CB28A78AF90082E197 /* SceneDelegate.h */,
				A4C6B2CC28A78AF90082E197 /* SceneDelegate.m */,
				A4C6B2CE28A78AF90082E197 /* ViewController.h */,
				A4C6B2CF28A78AF90082E197 /* ViewController.m */,
				A4C6B2D128A78AF90082E197 /* Main.storyboard */,
				A4C6B2D428A78AFB0082E197 /* Assets.xcassets */,
				A4C6B2D628A78AFB0082E197 /* LaunchScreen.storyboard */,
				A4C6B2D928A78AFB0082E197 /* Info.plist */,
				A4C6B2DA28A78AFB0082E197 /* main.m */,
				A4C6B2FD28A78B3F0082E197 /* BiggerButton.h */,
				A4C6B2FE28A78B3F0082E197 /* BiggerButton.m */,
			);
			path = "扩大按钮点击范围";
			sourceTree = "<group>";
		};
		A4C6B2E328A78AFB0082E197 /* 扩大按钮点击范围Tests */ = {
			isa = PBXGroup;
			children = (
				A4C6B2E428A78AFB0082E197 /* ________Tests.m */,
			);
			path = "扩大按钮点击范围Tests";
			sourceTree = "<group>";
		};
		A4C6B2ED28A78AFB0082E197 /* 扩大按钮点击范围UITests */ = {
			isa = PBXGroup;
			children = (
				A4C6B2EE28A78AFB0082E197 /* ________UITests.m */,
				A4C6B2F028A78AFB0082E197 /* ________UITestsLaunchTests.m */,
			);
			path = "扩大按钮点击范围UITests";
			sourceTree = "<group>";
		};
/* End PBXGroup section */

/* Begin PBXNativeTarget section */
		A4C6B2C428A78AF90082E197 /* 扩大按钮点击范围 */ = {
			isa = PBXNativeTarget;
			buildConfigurationList = A4C6B2F428A78AFB0082E197 /* Build configuration list for PBXNativeTarget "扩大按钮点击范围" */;
			buildPhases = (
				A4C6B2C128A78AF90082E197 /* Sources */,
				A4C6B2C228A78AF90082E197 /* Frameworks */,
				A4C6B2C328A78AF90082E197 /* Resources */,
			);
			buildRules = (
			);
			dependencies = (
			);
			name = "扩大按钮点击范围";
			productName = "扩大按钮点击范围";
			productReference = A4C6B2C528A78AF90082E197 /* 扩大按钮点击范围.app */;
			productType = "com.apple.product-type.application";
		};
		A4C6B2DF28A78AFB0082E197 /* 扩大按钮点击范围Tests */ = {
			isa = PBXNativeTarget;
			buildConfigurationList = A4C6B2F728A78AFB0082E197 /* Build configuration list for PBXNativeTarget "扩大按钮点击范围Tests" */;
			buildPhases = (
				A4C6B2DC28A78AFB0082E197 /* Sources */,
				A4C6B2DD28A78AFB0082E197 /* Frameworks */,
				A4C6B2DE28A78AFB0082E197 /* Resources */,
			);
			buildRules = (
			);
			dependencies = (
				A4C6B2E228A78AFB0082E197 /* PBXTargetDependency */,
			);
			name = "扩大按钮点击范围Tests";
			productName = "扩大按钮点击范围Tests";
			productReference = A4C6B2E028A78AFB0082E197 /* 扩大按钮点击范围Tests.xctest */;
			productType = "com.apple.product-type.bundle.unit-test";
		};
		A4C6B2E928A78AFB0082E197 /* 扩大按钮点击范围UITests */ = {
			isa = PBXNativeTarget;
			buildConfigurationList = A4C6B2FA28A78AFB0082E197 /* Build configuration list for PBXNativeTarget "扩大按钮点击范围UITests" */;
			buildPhases = (
				A4C6B2E628A78AFB0082E197 /* Sources */,
				A4C6B2E728A78AFB0082E197 /* Frameworks */,
				A4C6B2E828A78AFB0082E197 /* Resources */,
			);
			buildRules = (
			);
			dependencies = (
				A4C6B2EC28A78AFB0082E197 /* PBXTargetDependency */,
			);
			name = "扩大按钮点击范围UITests";
			productName = "扩大按钮点击范围UITests";
			productReference = A4C6B2EA28A78AFB0082E197 /* 扩大按钮点击范围UITests.xctest */;
			productType = "com.apple.product-type.bundle.ui-testing";
		};
/* End PBXNativeTarget section */

/* Begin PBXProject section */
		A4C6B2BD28A78AF90082E197 /* Project object */ = {
			isa = PBXProject;
			attributes = {
				BuildIndependentTargetsInParallel = 1;
				LastUpgradeCheck = 1340;
				TargetAttributes = {
					A4C6B2C428A78AF90082E197 = {
						CreatedOnToolsVersion = 13.4.1;
					};
					A4C6B2DF28A78AFB0082E197 = {
						CreatedOnToolsVersion = 13.4.1;
						TestTargetID = A4C6B2C428A78AF90082E197;
					};
					A4C6B2E928A78AFB0082E197 = {
						CreatedOnToolsVersion = 13.4.1;
						TestTargetID = A4C6B2C428A78AF90082E197;
					};
				};
			};
			buildConfigurationList = A4C6B2C028A78AF90082E197 /* Build configuration list for PBXProject "扩大按钮点击范围" */;
			compatibilityVersion = "Xcode 13.0";
			developmentRegion = en;
			hasScannedForEncodings = 0;
			knownRegions = (
				en,
				Base,
			);
			mainGroup = A4C6B2BC28A78AF90082E197;
			productRefGroup = A4C6B2C628A78AF90082E197 /* Products */;
			projectDirPath = "";
			projectRoot = "";
			targets = (
				A4C6B2C428A78AF90082E197 /* 扩大按钮点击范围 */,
				A4C6B2DF28A78AFB0082E197 /* 扩大按钮点击范围Tests */,
				A4C6B2E928A78AFB0082E197 /* 扩大按钮点击范围UITests */,
			);
		};
/* End PBXProject section */

/* Begin PBXResourcesBuildPhase section */
		A4C6B2C328A78AF90082E197 /* Resources */ = {
			isa = PBXResourcesBuildPhase;
			buildActionMask = 2147483647;
			files = (
				A4C6B2D828A78AFB0082E197 /* LaunchScreen.storyboard in Resources */,
				A4C6B2D528A78AFB0082E197 /* Assets.xcassets in Resources */,
				A4C6B2D328A78AF90082E197 /* Main.storyboard in Resources */,
			);
			runOnlyForDeploymentPostprocessing = 0;
		};
		A4C6B2DE28A78AFB0082E197 /* Resources */ = {
			isa = PBXResourcesBuildPhase;
			buildActionMask = 2147483647;
			files = (
			);
			runOnlyForDeploymentPostprocessing = 0;
		};
		A4C6B2E828A78AFB0082E197 /* Resources */ = {
			isa = PBXResourcesBuildPhase;
			buildActionMask = 2147483647;
			files = (
			);
			runOnlyForDeploymentPostprocessing = 0;
		};
/* End PBXResourcesBuildPhase section */

/* Begin PBXSourcesBuildPhase section */
		A4C6B2C128A78AF90082E197 /* Sources */ = {
			isa = PBXSourcesBuildPhase;
			buildActionMask = 2147483647;
			files = (
				A4C6B2D028A78AF90082E197 /* ViewController.m in Sources */,
				A4C6B2FF28A78B3F0082E197 /* BiggerButton.m in Sources */,
				A4C6B2CA28A78AF90082E197 /* AppDelegate.m in Sources */,
				A4C6B2DB28A78AFB0082E197 /* main.m in Sources */,
				A4C6B2CD28A78AF90082E197 /* SceneDelegate.m in Sources */,
			);
			runOnlyForDeploymentPostprocessing = 0;
		};
		A4C6B2DC28A78AFB0082E197 /* Sources */ = {
			isa = PBXSourcesBuildPhase;
			buildActionMask = 2147483647;
			files = (
				A4C6B2E528A78AFB0082E197 /* ________Tests.m in Sources */,
			);
			runOnlyForDeploymentPostprocessing = 0;
		};
		A4C6B2E628A78AFB0082E197 /* Sources */ = {
			isa = PBXSourcesBuildPhase;
			buildActionMask = 2147483647;
			files = (
				A4C6B2F128A78AFB0082E197 /* ________UITestsLaunchTests.m in Sources */,
				A4C6B2EF28A78AFB0082E197 /* ________UITests.m in Sources */,
			);
			runOnlyForDeploymentPostprocessing = 0;
		};
/* End PBXSourcesBuildPhase section */

/* Begin PBXTargetDependency section */
		A4C6B2E228A78AFB0082E197 /* PBXTargetDependency */ = {
			isa = PBXTargetDependency;
			target = A4C6B2C428A78AF90082E197 /* 扩大按钮点击范围 */;
			targetProxy = A4C6B2E128A78AFB0082E197 /* PBXContainerItemProxy */;
		};
		A4C6B2EC28A78AFB0082E197 /* PBXTargetDependency */ = {
			isa = PBXTargetDependency;
			target = A4C6B2C428A78AF90082E197 /* 扩大按钮点击范围 */;
			targetProxy = A4C6B2EB28A78AFB0082E197 /* PBXContainerItemProxy */;
		};
/* End PBXTargetDependency section */

/* Begin PBXVariantGroup section */
		A4C6B2D128A78AF90082E197 /* Main.storyboard */ = {
			isa = PBXVariantGroup;
			children = (
				A4C6B2D228A78AF90082E197 /* Base */,
			);
			name = Main.storyboard;
			sourceTree = "<group>";
		};
		A4C6B2D628A78AFB0082E197 /* LaunchScreen.storyboard */ = {
			isa = PBXVariantGroup;
			children = (
				A4C6B2D728A78AFB0082E197 /* Base */,
			);
			name = LaunchScreen.storyboard;
			sourceTree = "<group>";
		};
/* End PBXVariantGroup section */

/* Begin XCBuildConfiguration section */
		A4C6B2F228A78AFB0082E197 /* Debug */ = {
			isa = XCBuildConfiguration;
			buildSettings = {
				ALWAYS_SEARCH_USER_PATHS = NO;
				CLANG_ANALYZER_NONNULL = YES;
				CLANG_ANALYZER_NUMBER_OBJECT_CONVERSION = YES_AGGRESSIVE;
				CLANG_CXX_LANGUAGE_STANDARD = "gnu++17";
				CLANG_ENABLE_MODULES = YES;
				CLANG_ENABLE_OBJC_ARC = YES;
				CLANG_ENABLE_OBJC_WEAK = YES;
				CLANG_WARN_BLOCK_CAPTURE_AUTORELEASING = YES;
				CLANG_WARN_BOOL_CONVERSION = YES;
				CLANG_WARN_COMMA = YES;
				CLANG_WARN_CONSTANT_CONVERSION = YES;
				CLANG_WARN_DEPRECATED_OBJC_IMPLEMENTATIONS = YES;
				CLANG_WARN_DIRECT_OBJC_ISA_USAGE = YES_ERROR;
				CLANG_WARN_DOCUMENTATION_COMMENTS = YES;
				CLANG_WARN_EMPTY_BODY = YES;
				CLANG_WARN_ENUM_CONVERSION = YES;
				CLANG_WARN_INFINITE_RECURSION = YES;
				CLANG_WARN_INT_CONVERSION = YES;
				CLANG_WARN_NON_LITERAL_NULL_CONVERSION = YES;
				CLANG_WARN_OBJC_IMPLICIT_RETAIN_SELF = YES;
				CLANG_WARN_OBJC_LITERAL_CONVERSION = YES;
				CLANG_WARN_OBJC_ROOT_CLASS = YES_ERROR;
				CLANG_WARN_QUOTED_INCLUDE_IN_FRAMEWORK_HEADER = YES;
				CLANG_WARN_RANGE_LOOP_ANALYSIS = YES;
				CLANG_WARN_STRICT_PROTOTYPES = YES;
				CLANG_WARN_SUSPICIOUS_MOVE = YES;
				CLANG_WARN_UNGUARDED_AVAILABILITY = YES_AGGRESSIVE;
				CLANG_WARN_UNREACHABLE_CODE = YES;
				CLANG_WARN__DUPLICATE_METHOD_MATCH = YES;
				COPY_PHASE_STRIP = NO;
				DEBUG_INFORMATION_FORMAT = dwarf;
				ENABLE_STRICT_OBJC_MSGSEND = YES;
				ENABLE_TESTABILITY = YES;
				GCC_C_LANGUAGE_STANDARD = gnu11;
				GCC_DYNAMIC_NO_PIC = NO;
				GCC_NO_COMMON_BLOCKS = YES;
				GCC_OPTIMIZATION_LEVEL = 0;
				GCC_PREPROCESSOR_DEFINITIONS = (
					"DEBUG=1",
					"$(inherited)",
				);
				GCC_WARN_64_TO_32_BIT_CONVERSION = YES;
				GCC_WARN_ABOUT_RETURN_TYPE = YES_ERROR;
				GCC_WARN_UNDECLARED_SELECTOR = YES;
				GCC_WARN_UNINITIALIZED_AUTOS = YES_AGGRESSIVE;
				GCC_WARN_UNUSED_FUNCTION = YES;
				GCC_WARN_UNUSED_VARIABLE = YES;
				IPHONEOS_DEPLOYMENT_TARGET = 15.5;
				MTL_ENABLE_DEBUG_INFO = INCLUDE_SOURCE;
				MTL_FAST_MATH = YES;
				ONLY_ACTIVE_ARCH = YES;
				SDKROOT = iphoneos;
			};
			name = Debug;
		};
		A4C6B2F328A78AFB0082E197 /* Release */ = {
			isa = XCBuildConfiguration;
			buildSettings = {
				ALWAYS_SEARCH_USER_PATHS = NO;
				CLANG_ANALYZER_NONNULL = YES;
				CLANG_ANALYZER_NUMBER_OBJECT_CONVERSION = YES_AGGRESSIVE;
				CLANG_CXX_LANGUAGE_STANDARD = "gnu++17";
				CLANG_ENABLE_MODULES = YES;
				CLANG_ENABLE_OBJC_ARC = YES;
				CLANG_ENABLE_OBJC_WEAK = YES;
				CLANG_WARN_BLOCK_CAPTURE_AUTORELEASING = YES;
				CLANG_WARN_BOOL_CONVERSION = YES;
				CLANG_WARN_COMMA = YES;
				CLANG_WARN_CONSTANT_CONVERSION = YES;
				CLANG_WARN_DEPRECATED_OBJC_IMPLEMENTATIONS = YES;
				CLANG_WARN_DIRECT_OBJC_ISA_USAGE = YES_ERROR;
				CLANG_WARN_DOCUMENTATION_COMMENTS = YES;
				CLANG_WARN_EMPTY_BODY = YES;
				CLANG_WARN_ENUM_CONVERSION = YES;
				CLANG_WARN_INFINITE_RECURSION = YES;
				CLANG_WARN_INT_CONVERSION = YES;
				CLANG_WARN_NON_LITERAL_NULL_CONVERSION = YES;
				CLANG_WARN_OBJC_IMPLICIT_RETAIN_SELF = YES;
				CLANG_WARN_OBJC_LITERAL_CONVERSION = YES;
				CLANG_WARN_OBJC_ROOT_CLASS = YES_ERROR;
				CLANG_WARN_QUOTED_INCLUDE_IN_FRAMEWORK_HEADER = YES;
				CLANG_WARN_RANGE_LOOP_ANALYSIS = YES;
				CLANG_WARN_STRICT_PROTOTYPES = YES;
				CLANG_WARN_SUSPICIOUS_MOVE = YES;
				CLANG_WARN_UNGUARDED_AVAILABILITY = YES_AGGRESSIVE;
				CLANG_WARN_UNREACHABLE_CODE = YES;
				CLANG_WARN__DUPLICATE_METHOD_MATCH = YES;
				COPY_PHASE_STRIP = NO;
				DEBUG_INFORMATION_FORMAT = "dwarf-with-dsym";
				ENABLE_NS_ASSERTIONS = NO;
				ENABLE_STRICT_OBJC_MSGSEND = YES;
				GCC_C_LANGUAGE_STANDARD = gnu11;
				GCC_NO_COMMON_BLOCKS = YES;
				GCC_WARN_64_TO_32_BIT_CONVERSION = YES;
				GCC_WARN_ABOUT_RETURN_TYPE = YES_ERROR;
				GCC_WARN_UNDECLARED_SELECTOR = YES;
				GCC_WARN_UNINITIALIZED_AUTOS = YES_AGGRESSIVE;
				GCC_WARN_UNUSED_FUNCTION = YES;
				GCC_WARN_UNUSED_VARIABLE = YES;
				IPHONEOS_DEPLOYMENT_TARGET = 15.5;
				MTL_ENABLE_DEBUG_INFO = NO;
				MTL_FAST_MATH = YES;
				SDKROOT = iphoneos;
				VALIDATE_PRODUCT = YES;
			};
			name = Release;
		};
		A4C6B2F528A78AFB0082E197 /* Debug */ = {
			isa = XCBuildConfiguration;
			buildSettings = {
				ASSETCATALOG_COMPILER_APPICON_NAME = AppIcon;
				ASSETCATALOG_COMPILER_GLOBAL_ACCENT_COLOR_NAME = AccentColor;
				CODE_SIGN_STYLE = Automatic;
				CURRENT_PROJECT_VERSION = 1;
				DEVELOPMENT_TEAM = 9BK6LJ88LR;
				GENERATE_INFOPLIST_FILE = YES;
				INFOPLIST_FILE = "扩大按钮点击范围/Info.plist";
				INFOPLIST_KEY_UIApplicationSupportsIndirectInputEvents = YES;
				INFOPLIST_KEY_UILaunchStoryboardName = LaunchScreen;
				INFOPLIST_KEY_UIMainStoryboardFile = Main;
				INFOPLIST_KEY_UISupportedInterfaceOrientations_iPad = "UIInterfaceOrientationPortrait UIInterfaceOrientationPortraitUpsideDown UIInterfaceOrientationLandscapeLeft UIInterfaceOrientationLandscapeRight";
				INFOPLIST_KEY_UISupportedInterfaceOrientations_iPhone = "UIInterfaceOrientationPortrait UIInterfaceOrientationLandscapeLeft UIInterfaceOrientationLandscapeRight";
				LD_RUNPATH_SEARCH_PATHS = (
					"$(inherited)",
					"@executable_path/Frameworks",
				);
				MARKETING_VERSION = 1.0;
				PRODUCT_BUNDLE_IDENTIFIER = "Yep.--------";
				PRODUCT_NAME = "$(TARGET_NAME)";
				SWIFT_EMIT_LOC_STRINGS = YES;
				TARGETED_DEVICE_FAMILY = "1,2";
			};
			name = Debug;
		};
		A4C6B2F628A78AFB0082E197 /* Release */ = {
			isa = XCBuildConfiguration;
			buildSettings = {
				ASSETCATALOG_COMPILER_APPICON_NAME = AppIcon;
				ASSETCATALOG_COMPILER_GLOBAL_ACCENT_COLOR_NAME = AccentColor;
				CODE_SIGN_STYLE = Automatic;
				CURRENT_PROJECT_VERSION = 1;
				DEVELOPMENT_TEAM = 9BK6LJ88LR;
				GENERATE_INFOPLIST_FILE = YES;
				INFOPLIST_FILE = "扩大按钮点击范围/Info.plist";
				INFOPLIST_KEY_UIApplicationSupportsIndirectInputEvents = YES;
				INFOPLIST_KEY_UILaunchStoryboardName = LaunchScreen;
				INFOPLIST_KEY_UIMainStoryboardFile = Main;
				INFOPLIST_KEY_UISupportedInterfaceOrientations_iPad = "UIInterfaceOrientationPortrait UIInterfaceOrientationPortraitUpsideDown UIInterfaceOrientationLandscapeLeft UIInterfaceOrientationLandscapeRight";
				INFOPLIST_KEY_UISupportedInterfaceOrientations_iPhone = "UIInterfaceOrientationPortrait UIInterfaceOrientationLandscapeLeft UIInterfaceOrientationLandscapeRight";
				LD_RUNPATH_SEARCH_PATHS = (
					"$(inherited)",
					"@executable_path/Frameworks",
				);
				MARKETING_VERSION = 1.0;
				PRODUCT_BUNDLE_IDENTIFIER = "Yep.--------";
				PRODUCT_NAME = "$(TARGET_NAME)";
				SWIFT_EMIT_LOC_STRINGS = YES;
				TARGETED_DEVICE_FAMILY = "1,2";
			};
			name = Release;
		};
		A4C6B2F828A78AFB0082E197 /* Debug */ = {
			isa = XCBuildConfiguration;
			buildSettings = {
				BUNDLE_LOADER = "$(TEST_HOST)";
				CODE_SIGN_STYLE = Automatic;
				CURRENT_PROJECT_VERSION = 1;
				DEVELOPMENT_TEAM = 9BK6LJ88LR;
				GENERATE_INFOPLIST_FILE = YES;
				IPHONEOS_DEPLOYMENT_TARGET = 15.5;
				MARKETING_VERSION = 1.0;
				PRODUCT_BUNDLE_IDENTIFIER = "Yep.--------Tests";
				PRODUCT_NAME = "$(TARGET_NAME)";
				SWIFT_EMIT_LOC_STRINGS = NO;
				TARGETED_DEVICE_FAMILY = "1,2";
				TEST_HOST = "$(BUILT_PRODUCTS_DIR)/扩大按钮点击范围.app/扩大按钮点击范围";
			};
			name = Debug;
		};
		A4C6B2F928A78AFB0082E197 /* Release */ = {
			isa = XCBuildConfiguration;
			buildSettings = {
				BUNDLE_LOADER = "$(TEST_HOST)";
				CODE_SIGN_STYLE = Automatic;
				CURRENT_PROJECT_VERSION = 1;
				DEVELOPMENT_TEAM = 9BK6LJ88LR;
				GENERATE_INFOPLIST_FILE = YES;
				IPHONEOS_DEPLOYMENT_TARGET = 15.5;
				MARKETING_VERSION = 1.0;
				PRODUCT_BUNDLE_IDENTIFIER = "Yep.--------Tests";
				PRODUCT_NAME = "$(TARGET_NAME)";
				SWIFT_EMIT_LOC_STRINGS = NO;
				TARGETED_DEVICE_FAMILY = "1,2";
				TEST_HOST = "$(BUILT_PRODUCTS_DIR)/扩大按钮点击范围.app/扩大按钮点击范围";
			};
			name = Release;
		};
		A4C6B2FB28A78AFB0082E197 /* Debug */ = {
			isa = XCBuildConfiguration;
			buildSettings = {
				CODE_SIGN_STYLE = Automatic;
				CURRENT_PROJECT_VERSION = 1;
				DEVELOPMENT_TEAM = 9BK6LJ88LR;
				GENERATE_INFOPLIST_FILE = YES;
				MARKETING_VERSION = 1.0;
				PRODUCT_BUNDLE_IDENTIFIER = "Yep.--------UITests";
				PRODUCT_NAME = "$(TARGET_NAME)";
				SWIFT_EMIT_LOC_STRINGS = NO;
				TARGETED_DEVICE_FAMILY = "1,2";
				TEST_TARGET_NAME = "扩大按钮点击范围";
			};
			name = Debug;
		};
		A4C6B2FC28A78AFB0082E197 /* Release */ = {
			isa = XCBuildConfiguration;
			buildSettings = {
				CODE_SIGN_STYLE = Automatic;
				CURRENT_PROJECT_VERSION = 1;
				DEVELOPMENT_TEAM = 9BK6LJ88LR;
				GENERATE_INFOPLIST_FILE = YES;
				MARKETING_VERSION = 1.0;
				PRODUCT_BUNDLE_IDENTIFIER = "Yep.--------UITests";
				PRODUCT_NAME = "$(TARGET_NAME)";
				SWIFT_EMIT_LOC_STRINGS = NO;
				TARGETED_DEVICE_FAMILY = "1,2";
				TEST_TARGET_NAME = "扩大按钮点击范围";
			};
			name = Release;
		};
/* End XCBuildConfiguration section */

/* Begin XCConfigurationList section */
		A4C6B2C028A78AF90082E197 /* Build configuration list for PBXProject "扩大按钮点击范围" */ = {
			isa = XCConfigurationList;
			buildConfigurations = (
				A4C6B2F228A78AFB0082E197 /* Debug */,
				A4C6B2F328A78AFB0082E197 /* Release */,
			);
			defaultConfigurationIsVisible = 0;
			defaultConfigurationName = Release;
		};
		A4C6B2F428A78AFB0082E197 /* Build configuration list for PBXNativeTarget "扩大按钮点击范围" */ = {
			isa = XCConfigurationList;
			buildConfigurations = (
				A4C6B2F528A78AFB0082E197 /* Debug */,
				A4C6B2F628A78AFB0082E197 /* Release */,
			);
			defaultConfigurationIsVisible = 0;
			defaultConfigurationName = Release;
		};
		A4C6B2F728A78AFB0082E197 /* Build configuration list for PBXNativeTarget "扩大按钮点击范围Tests" */ = {
			isa = XCConfigurationList;
			buildConfigurations = (
				A4C6B2F828A78AFB0082E197 /* Debug */,
				A4C6B2F928A78AFB0082E197 /* Release */,
			);
			defaultConfigurationIsVisible = 0;
			defaultConfigurationName = Release;
		};
		A4C6B2FA28A78AFB0082E197 /* Build configuration list for PBXNativeTarget "扩大按钮点击范围UITests" */ = {
			isa = XCConfigurationList;
			buildConfigurations = (
				A4C6B2FB28A78AFB0082E197 /* Debug */,
				A4C6B2FC28A78AFB0082E197 /* Release */,
			);
			defaultConfigurationIsVisible = 0;
			defaultConfigurationName = Release;
		};
/* End XCConfigurationList section */
	};
	rootObject = A4C6B2BD28A78AF90082E197 /* Project object */;
}
